
Microsoft Visual Studio Solution File, Format Version 12.00
# Visual Studio Version 17
VisualStudioVersion = 17.0.32112.339
MinimumVisualStudioVersion = 10.0.40219.1
Project("{FAE04EC0-301F-11D3-BF4B-00C04F79EFBC}") = "CleanetCode.TypesBranchesAndLoops", "CleanetCode.TypesBranchesAndLoops\CleanetCode.TypesBranchesAndLoops.csproj", "{2DAF0518-70D1-42A3-8F7C-8383DECDC507}"
EndProject
Global
	GlobalSection(SolutionConfigurationPlatforms) = preSolution
		Debug|Any CPU = Debug|Any CPU
		Release|Any CPU = Release|Any CPU
	EndGlobalSection
	GlobalSection(ProjectConfigurationPlatforms) = postSolution
		{2DAF0518-70D1-42A3-8F7C-8383DECDC507}.Debug|Any CPU.ActiveCfg = Debug|Any CPU
		{2DAF0518-70D1-42A3-8F7C-8383DECDC507}.Debug|Any CPU.Build.0 = Debug|Any CPU
		{2DAF0518-70D1-42A3-8F7C-8383DECDC507}.Release|Any CPU.ActiveCfg = Release|Any CPU
		{2DAF0518-70D1-42A3-8F7C-8383DECDC507}.Release|Any CPU.Build.0 = Release|Any CPU
	EndGlobalSection
	GlobalSection(SolutionProperties) = preSolution
		HideSolutionNode = FALSE
	EndGlobalSection
	GlobalSection(ExtensibilityGlobals) = postSolution
		SolutionGuid = {C829EA6A-D6C8-4B72-B158-CA5961A7E478}
	EndGlobalSection
EndGlobal
